
Microsoft Visual Studio Solution File, Format Version 12.00
Project("{2150E333-8FDC-42A3-9474-1A3956D46DE8}") = "Src", "Src", "{39D3667F-DC0C-4A83-A1A9-CD75139BFEFB}"
EndProject
Project("{FAE04EC0-301F-11D3-BF4B-00C04F79EFBC}") = "CareerMatcherAPI.Domain", "CareerMatcherAPI.Domain\CareerMatcherAPI.Domain.csproj", "{B46B76F1-9679-4E26-96BB-ADDCB005A41D}"
EndProject
Project("{FAE04EC0-301F-11D3-BF4B-00C04F79EFBC}") = "CareerMatcherAPI.Application", "CareerMatcherAPI.Application\CareerMatcherAPI.Application.csproj", "{AA499ACA-0012-4E5B-B482-C89F9FBB4C9B}"
EndProject
Project("{FAE04EC0-301F-11D3-BF4B-00C04F79EFBC}") = "CareerMatcherAPI.Infrastructure", "CareerMatcherAPI.Infrastructure\CareerMatcherAPI.Infrastructure.csproj", "{3DA04B81-0B1F-43EA-9E62-91BEE5D2E21F}"
EndProject
Project("{2150E333-8FDC-42A3-9474-1A3956D46DE8}") = "Solution Items", "Solution Items", "{DE23C150-A25D-4730-82A1-35911B3C6D27}"
	ProjectSection(SolutionItems) = preProject
		compose.yaml = compose.yaml
	EndProjectSection
EndProject
Project("{FAE04EC0-301F-11D3-BF4B-00C04F79EFBC}") = "CareerMatcherAPI.WebAPI", "CareerMatcherAPI.WebAPI\CareerMatcherAPI.WebAPI.csproj", "{0B68FBE0-BD2D-4184-A6DD-8C6D7BCC4F25}"
EndProject
Global
	GlobalSection(SolutionConfigurationPlatforms) = preSolution
		Debug|Any CPU = Debug|Any CPU
		Release|Any CPU = Release|Any CPU
	EndGlobalSection
	GlobalSection(NestedProjects) = preSolution
		{B46B76F1-9679-4E26-96BB-ADDCB005A41D} = {39D3667F-DC0C-4A83-A1A9-CD75139BFEFB}
		{AA499ACA-0012-4E5B-B482-C89F9FBB4C9B} = {39D3667F-DC0C-4A83-A1A9-CD75139BFEFB}
		{3DA04B81-0B1F-43EA-9E62-91BEE5D2E21F} = {39D3667F-DC0C-4A83-A1A9-CD75139BFEFB}
		{0B68FBE0-BD2D-4184-A6DD-8C6D7BCC4F25} = {39D3667F-DC0C-4A83-A1A9-CD75139BFEFB}
	EndGlobalSection
	GlobalSection(ProjectConfigurationPlatforms) = postSolution
		{B46B76F1-9679-4E26-96BB-ADDCB005A41D}.Debug|Any CPU.ActiveCfg = Debug|Any CPU
		{B46B76F1-9679-4E26-96BB-ADDCB005A41D}.Debug|Any CPU.Build.0 = Debug|Any CPU
		{B46B76F1-9679-4E26-96BB-ADDCB005A41D}.Release|Any CPU.ActiveCfg = Release|Any CPU
		{B46B76F1-9679-4E26-96BB-ADDCB005A41D}.Release|Any CPU.Build.0 = Release|Any CPU
		{AA499ACA-0012-4E5B-B482-C89F9FBB4C9B}.Debug|Any CPU.ActiveCfg = Debug|Any CPU
		{AA499ACA-0012-4E5B-B482-C89F9FBB4C9B}.Debug|Any CPU.Build.0 = Debug|Any CPU
		{AA499ACA-0012-4E5B-B482-C89F9FBB4C9B}.Release|Any CPU.ActiveCfg = Release|Any CPU
		{AA499ACA-0012-4E5B-B482-C89F9FBB4C9B}.Release|Any CPU.Build.0 = Release|Any CPU
		{3DA04B81-0B1F-43EA-9E62-91BEE5D2E21F}.Debug|Any CPU.ActiveCfg = Debug|Any CPU
		{3DA04B81-0B1F-43EA-9E62-91BEE5D2E21F}.Debug|Any CPU.Build.0 = Debug|Any CPU
		{3DA04B81-0B1F-43EA-9E62-91BEE5D2E21F}.Release|Any CPU.ActiveCfg = Release|Any CPU
		{3DA04B81-0B1F-43EA-9E62-91BEE5D2E21F}.Release|Any CPU.Build.0 = Release|Any CPU
		{0B68FBE0-BD2D-4184-A6DD-8C6D7BCC4F25}.Debug|Any CPU.ActiveCfg = Debug|Any CPU
		{0B68FBE0-BD2D-4184-A6DD-8C6D7BCC4F25}.Debug|Any CPU.Build.0 = Debug|Any CPU
		{0B68FBE0-BD2D-4184-A6DD-8C6D7BCC4F25}.Release|Any CPU.ActiveCfg = Release|Any CPU
		{0B68FBE0-BD2D-4184-A6DD-8C6D7BCC4F25}.Release|Any CPU.Build.0 = Release|Any CPU
	EndGlobalSection
EndGlobal
